
Microsoft Visual Studio Solution File, Format Version 12.00
# Visual Studio Version 17
VisualStudioVersion = 17.8.34330.188
MinimumVisualStudioVersion = 10.0.40219.1
Project("{FAE04EC0-301F-11D3-BF4B-00C04F79EFBC}") = "ECommmerceSite", "ECommmerceSite\ECommmerceSite.csproj", "{4E3B972C-082F-41FA-A94A-7A454058E12B}"
EndProject
Global
	GlobalSection(SolutionConfigurationPlatforms) = preSolution
		Debug|Any CPU = Debug|Any CPU
		Release|Any CPU = Release|Any CPU
	EndGlobalSection
	GlobalSection(ProjectConfigurationPlatforms) = postSolution
		{4E3B972C-082F-41FA-A94A-7A454058E12B}.Debug|Any CPU.ActiveCfg = Debug|Any CPU
		{4E3B972C-082F-41FA-A94A-7A454058E12B}.Debug|Any CPU.Build.0 = Debug|Any CPU
		{4E3B972C-082F-41FA-A94A-7A454058E12B}.Release|Any CPU.ActiveCfg = Release|Any CPU
		{4E3B972C-082F-41FA-A94A-7A454058E12B}.Release|Any CPU.Build.0 = Release|Any CPU
	EndGlobalSection
	GlobalSection(SolutionProperties) = preSolution
		HideSolutionNode = FALSE
	EndGlobalSection
	GlobalSection(ExtensibilityGlobals) = postSolution
		SolutionGuid = {B6EFFF67-FC76-4327-889A-607CCE382400}
	EndGlobalSection
EndGlobal
